
Microsoft Visual Studio Solution File, Format Version 12.00
# Visual Studio Version 17
VisualStudioVersion = 17.3.32811.315
MinimumVisualStudioVersion = 10.0.40219.1
Project("{FAE04EC0-301F-11D3-BF4B-00C04F79EFBC}") = "Тест1", "Тест1\Тест1.csproj", "{3C2B1D3F-56BE-4591-BC71-799E4F8A0A8D}"
EndProject
Global
	GlobalSection(SolutionConfigurationPlatforms) = preSolution
		Debug|Any CPU = Debug|Any CPU
		Release|Any CPU = Release|Any CPU
	EndGlobalSection
	GlobalSection(ProjectConfigurationPlatforms) = postSolution
		{3C2B1D3F-56BE-4591-BC71-799E4F8A0A8D}.Debug|Any CPU.ActiveCfg = Debug|Any CPU
		{3C2B1D3F-56BE-4591-BC71-799E4F8A0A8D}.Debug|Any CPU.Build.0 = Debug|Any CPU
		{3C2B1D3F-56BE-4591-BC71-799E4F8A0A8D}.Release|Any CPU.ActiveCfg = Release|Any CPU
		{3C2B1D3F-56BE-4591-BC71-799E4F8A0A8D}.Release|Any CPU.Build.0 = Release|Any CPU
	EndGlobalSection
	GlobalSection(SolutionProperties) = preSolution
		HideSolutionNode = FALSE
	EndGlobalSection
	GlobalSection(ExtensibilityGlobals) = postSolution
		SolutionGuid = {EA5D1ADB-3134-43FB-A5DF-4AE3E5E71BFC}
	EndGlobalSection
EndGlobal
